
Microsoft Visual Studio Solution File, Format Version 12.00
# Visual Studio Version 17
VisualStudioVersion = 17.8.34511.84
MinimumVisualStudioVersion = 10.0.40219.1
Project("{9A19103F-16F7-4668-BE54-9A1E7A4F7556}") = "WebApplication1", "WebApplication1.csproj", "{D824072B-FA75-4619-9D50-DB6BB41F9BE6}"
EndProject
Global
	GlobalSection(SolutionConfigurationPlatforms) = preSolution
		Debug|Any CPU = Debug|Any CPU
		Release|Any CPU = Release|Any CPU
	EndGlobalSection
	GlobalSection(ProjectConfigurationPlatforms) = postSolution
		{D824072B-FA75-4619-9D50-DB6BB41F9BE6}.Debug|Any CPU.ActiveCfg = Debug|Any CPU
		{D824072B-FA75-4619-9D50-DB6BB41F9BE6}.Debug|Any CPU.Build.0 = Debug|Any CPU
		{D824072B-FA75-4619-9D50-DB6BB41F9BE6}.Release|Any CPU.ActiveCfg = Release|Any CPU
		{D824072B-FA75-4619-9D50-DB6BB41F9BE6}.Release|Any CPU.Build.0 = Release|Any CPU
	EndGlobalSection
	GlobalSection(SolutionProperties) = preSolution
		HideSolutionNode = FALSE
	EndGlobalSection
	GlobalSection(ExtensibilityGlobals) = postSolution
		SolutionGuid = {EF6FD1B6-ED87-46F0-877B-A268BE420395}
	EndGlobalSection
EndGlobal
